
Microsoft Visual Studio Solution File, Format Version 12.00
# Visual Studio Version 16
VisualStudioVersion = 16.0.29519.87
MinimumVisualStudioVersion = 10.0.40219.1
Project("{FAE04EC0-301F-11D3-BF4B-00C04F79EFBC}") = "ApusAnimalMotel", "ApusAnimalMotel.csproj", "{35DEF048-5C3C-4CDF-B5D0-A72B79B9A6BF}"
EndProject
Global
	GlobalSection(SolutionConfigurationPlatforms) = preSolution
		Debug|Any CPU = Debug|Any CPU
		Release|Any CPU = Release|Any CPU
	EndGlobalSection
	GlobalSection(ProjectConfigurationPlatforms) = postSolution
		{35DEF048-5C3C-4CDF-B5D0-A72B79B9A6BF}.Debug|Any CPU.ActiveCfg = Debug|Any CPU
		{35DEF048-5C3C-4CDF-B5D0-A72B79B9A6BF}.Debug|Any CPU.Build.0 = Debug|Any CPU
		{35DEF048-5C3C-4CDF-B5D0-A72B79B9A6BF}.Release|Any CPU.ActiveCfg = Release|Any CPU
		{35DEF048-5C3C-4CDF-B5D0-A72B79B9A6BF}.Release|Any CPU.Build.0 = Release|Any CPU
	EndGlobalSection
	GlobalSection(SolutionProperties) = preSolution
		HideSolutionNode = FALSE
	EndGlobalSection
	GlobalSection(ExtensibilityGlobals) = postSolution
		SolutionGuid = {0F03A20B-1962-4BBF-A84D-BB014A200CD4}
	EndGlobalSection
EndGlobal
