
Microsoft Visual Studio Solution File, Format Version 12.00
# Visual Studio Version 16
VisualStudioVersion = 16.0.30011.22
MinimumVisualStudioVersion = 10.0.40219.1
Project("{FAE04EC0-301F-11D3-BF4B-00C04F79EFBC}") = "WPFTutorial", "WPFTutorial.csproj", "{1994CF80-AD21-48D4-A9A7-70FB2F4E3C10}"
EndProject
Global
	GlobalSection(SolutionConfigurationPlatforms) = preSolution
		Debug|Any CPU = Debug|Any CPU
		Release|Any CPU = Release|Any CPU
	EndGlobalSection
	GlobalSection(ProjectConfigurationPlatforms) = postSolution
		{1994CF80-AD21-48D4-A9A7-70FB2F4E3C10}.Debug|Any CPU.ActiveCfg = Debug|Any CPU
		{1994CF80-AD21-48D4-A9A7-70FB2F4E3C10}.Debug|Any CPU.Build.0 = Debug|Any CPU
		{1994CF80-AD21-48D4-A9A7-70FB2F4E3C10}.Release|Any CPU.ActiveCfg = Release|Any CPU
		{1994CF80-AD21-48D4-A9A7-70FB2F4E3C10}.Release|Any CPU.Build.0 = Release|Any CPU
	EndGlobalSection
	GlobalSection(SolutionProperties) = preSolution
		HideSolutionNode = FALSE
	EndGlobalSection
	GlobalSection(ExtensibilityGlobals) = postSolution
		SolutionGuid = {E951B7BD-BB38-4368-B4E5-0F6783364772}
	EndGlobalSection
EndGlobal
