
Microsoft Visual Studio Solution File, Format Version 12.00
# Visual Studio Version 16
VisualStudioVersion = 16.0.30104.148
MinimumVisualStudioVersion = 10.0.40219.1
Project("{FAE04EC0-301F-11D3-BF4B-00C04F79EFBC}") = "Assignment6", "Assignment6.csproj", "{95086419-F648-4650-B899-164C6DB7011B}"
EndProject
Global
	GlobalSection(SolutionConfigurationPlatforms) = preSolution
		Debug|Any CPU = Debug|Any CPU
		Release|Any CPU = Release|Any CPU
	EndGlobalSection
	GlobalSection(ProjectConfigurationPlatforms) = postSolution
		{95086419-F648-4650-B899-164C6DB7011B}.Debug|Any CPU.ActiveCfg = Debug|Any CPU
		{95086419-F648-4650-B899-164C6DB7011B}.Debug|Any CPU.Build.0 = Debug|Any CPU
		{95086419-F648-4650-B899-164C6DB7011B}.Release|Any CPU.ActiveCfg = Release|Any CPU
		{95086419-F648-4650-B899-164C6DB7011B}.Release|Any CPU.Build.0 = Release|Any CPU
	EndGlobalSection
	GlobalSection(SolutionProperties) = preSolution
		HideSolutionNode = FALSE
	EndGlobalSection
	GlobalSection(ExtensibilityGlobals) = postSolution
		SolutionGuid = {D73F9B47-1011-4FAA-8B4C-E329363EC7B0}
	EndGlobalSection
EndGlobal
